
Microsoft Visual Studio Solution File, Format Version 12.00
# Visual Studio Version 16
VisualStudioVersion = 16.0.32228.343
MinimumVisualStudioVersion = 10.0.40219.1
Project("{FAE04EC0-301F-11D3-BF4B-00C04F79EFBC}") = "AvilaDavid.Android", "AvilaDavid.Android\AvilaDavid.Android.csproj", "{1CFA2E54-4275-40DA-8FB8-9F35657DDD47}"
EndProject
Project("{FAE04EC0-301F-11D3-BF4B-00C04F79EFBC}") = "AvilaDavid.iOS", "AvilaDavid.iOS\AvilaDavid.iOS.csproj", "{C3230035-1611-45F9-9F5C-819CDCC4CD41}"
EndProject
Project("{FAE04EC0-301F-11D3-BF4B-00C04F79EFBC}") = "AvilaDavid", "AvilaDavid\AvilaDavid.csproj", "{EBFB33E2-9396-41B7-9FB0-093AE840395A}"
EndProject
Global
	GlobalSection(SolutionConfigurationPlatforms) = preSolution
		Debug|Any CPU = Debug|Any CPU
		Debug|iPhone = Debug|iPhone
		Debug|iPhoneSimulator = Debug|iPhoneSimulator
		Release|Any CPU = Release|Any CPU
		Release|iPhone = Release|iPhone
		Release|iPhoneSimulator = Release|iPhoneSimulator
	EndGlobalSection
	GlobalSection(ProjectConfigurationPlatforms) = postSolution
		{1CFA2E54-4275-40DA-8FB8-9F35657DDD47}.Debug|Any CPU.ActiveCfg = Debug|Any CPU
		{1CFA2E54-4275-40DA-8FB8-9F35657DDD47}.Debug|Any CPU.Build.0 = Debug|Any CPU
		{1CFA2E54-4275-40DA-8FB8-9F35657DDD47}.Debug|Any CPU.Deploy.0 = Debug|Any CPU
		{1CFA2E54-4275-40DA-8FB8-9F35657DDD47}.Debug|iPhone.ActiveCfg = Debug|Any CPU
		{1CFA2E54-4275-40DA-8FB8-9F35657DDD47}.Debug|iPhone.Build.0 = Debug|Any CPU
		{1CFA2E54-4275-40DA-8FB8-9F35657DDD47}.Debug|iPhone.Deploy.0 = Debug|Any CPU
		{1CFA2E54-4275-40DA-8FB8-9F35657DDD47}.Debug|iPhoneSimulator.ActiveCfg = Debug|Any CPU
		{1CFA2E54-4275-40DA-8FB8-9F35657DDD47}.Debug|iPhoneSimulator.Build.0 = Debug|Any CPU
		{1CFA2E54-4275-40DA-8FB8-9F35657DDD47}.Debug|iPhoneSimulator.Deploy.0 = Debug|Any CPU
		{1CFA2E54-4275-40DA-8FB8-9F35657DDD47}.Release|Any CPU.ActiveCfg = Release|Any CPU
		{1CFA2E54-4275-40DA-8FB8-9F35657DDD47}.Release|Any CPU.Build.0 = Release|Any CPU
		{1CFA2E54-4275-40DA-8FB8-9F35657DDD47}.Release|Any CPU.Deploy.0 = Release|Any CPU
		{1CFA2E54-4275-40DA-8FB8-9F35657DDD47}.Release|iPhone.ActiveCfg = Release|Any CPU
		{1CFA2E54-4275-40DA-8FB8-9F35657DDD47}.Release|iPhone.Build.0 = Release|Any CPU
		{1CFA2E54-4275-40DA-8FB8-9F35657DDD47}.Release|iPhone.Deploy.0 = Release|Any CPU
		{1CFA2E54-4275-40DA-8FB8-9F35657DDD47}.Release|iPhoneSimulator.ActiveCfg = Release|Any CPU
		{1CFA2E54-4275-40DA-8FB8-9F35657DDD47}.Release|iPhoneSimulator.Build.0 = Release|Any CPU
		{1CFA2E54-4275-40DA-8FB8-9F35657DDD47}.Release|iPhoneSimulator.Deploy.0 = Release|Any CPU
		{C3230035-1611-45F9-9F5C-819CDCC4CD41}.Debug|Any CPU.ActiveCfg = Debug|iPhone
		{C3230035-1611-45F9-9F5C-819CDCC4CD41}.Debug|Any CPU.Build.0 = Debug|iPhone
		{C3230035-1611-45F9-9F5C-819CDCC4CD41}.Debug|Any CPU.Deploy.0 = Debug|iPhone
		{C3230035-1611-45F9-9F5C-819CDCC4CD41}.Debug|iPhone.ActiveCfg = Debug|iPhone
		{C3230035-1611-45F9-9F5C-819CDCC4CD41}.Debug|iPhone.Build.0 = Debug|iPhone
		{C3230035-1611-45F9-9F5C-819CDCC4CD41}.Debug|iPhone.Deploy.0 = Debug|iPhone
		{C3230035-1611-45F9-9F5C-819CDCC4CD41}.Debug|iPhoneSimulator.ActiveCfg = Debug|iPhoneSimulator
		{C3230035-1611-45F9-9F5C-819CDCC4CD41}.Debug|iPhoneSimulator.Build.0 = Debug|iPhoneSimulator
		{C3230035-1611-45F9-9F5C-819CDCC4CD41}.Debug|iPhoneSimulator.Deploy.0 = Debug|iPhoneSimulator
		{C3230035-1611-45F9-9F5C-819CDCC4CD41}.Release|Any CPU.ActiveCfg = Release|iPhoneSimulator
		{C3230035-1611-45F9-9F5C-819CDCC4CD41}.Release|Any CPU.Build.0 = Release|iPhoneSimulator
		{C3230035-1611-45F9-9F5C-819CDCC4CD41}.Release|Any CPU.Deploy.0 = Release|iPhoneSimulator
		{C3230035-1611-45F9-9F5C-819CDCC4CD41}.Release|iPhone.ActiveCfg = Release|iPhone
		{C3230035-1611-45F9-9F5C-819CDCC4CD41}.Release|iPhone.Build.0 = Release|iPhone
		{C3230035-1611-45F9-9F5C-819CDCC4CD41}.Release|iPhone.Deploy.0 = Release|iPhone
		{C3230035-1611-45F9-9F5C-819CDCC4CD41}.Release|iPhoneSimulator.ActiveCfg = Release|iPhoneSimulator
		{C3230035-1611-45F9-9F5C-819CDCC4CD41}.Release|iPhoneSimulator.Build.0 = Release|iPhoneSimulator
		{C3230035-1611-45F9-9F5C-819CDCC4CD41}.Release|iPhoneSimulator.Deploy.0 = Release|iPhoneSimulator
		{EBFB33E2-9396-41B7-9FB0-093AE840395A}.Debug|Any CPU.ActiveCfg = Debug|Any CPU
		{EBFB33E2-9396-41B7-9FB0-093AE840395A}.Debug|Any CPU.Build.0 = Debug|Any CPU
		{EBFB33E2-9396-41B7-9FB0-093AE840395A}.Debug|Any CPU.Deploy.0 = Debug|Any CPU
		{EBFB33E2-9396-41B7-9FB0-093AE840395A}.Debug|iPhone.ActiveCfg = Debug|Any CPU
		{EBFB33E2-9396-41B7-9FB0-093AE840395A}.Debug|iPhone.Build.0 = Debug|Any CPU
		{EBFB33E2-9396-41B7-9FB0-093AE840395A}.Debug|iPhone.Deploy.0 = Debug|Any CPU
		{EBFB33E2-9396-41B7-9FB0-093AE840395A}.Debug|iPhoneSimulator.ActiveCfg = Debug|Any CPU
		{EBFB33E2-9396-41B7-9FB0-093AE840395A}.Debug|iPhoneSimulator.Build.0 = Debug|Any CPU
		{EBFB33E2-9396-41B7-9FB0-093AE840395A}.Debug|iPhoneSimulator.Deploy.0 = Debug|Any CPU
		{EBFB33E2-9396-41B7-9FB0-093AE840395A}.Release|Any CPU.ActiveCfg = Release|Any CPU
		{EBFB33E2-9396-41B7-9FB0-093AE840395A}.Release|Any CPU.Build.0 = Release|Any CPU
		{EBFB33E2-9396-41B7-9FB0-093AE840395A}.Release|Any CPU.Deploy.0 = Release|Any CPU
		{EBFB33E2-9396-41B7-9FB0-093AE840395A}.Release|iPhone.ActiveCfg = Release|Any CPU
		{EBFB33E2-9396-41B7-9FB0-093AE840395A}.Release|iPhone.Build.0 = Release|Any CPU
		{EBFB33E2-9396-41B7-9FB0-093AE840395A}.Release|iPhone.Deploy.0 = Release|Any CPU
		{EBFB33E2-9396-41B7-9FB0-093AE840395A}.Release|iPhoneSimulator.ActiveCfg = Release|Any CPU
		{EBFB33E2-9396-41B7-9FB0-093AE840395A}.Release|iPhoneSimulator.Build.0 = Release|Any CPU
		{EBFB33E2-9396-41B7-9FB0-093AE840395A}.Release|iPhoneSimulator.Deploy.0 = Release|Any CPU
	EndGlobalSection
	GlobalSection(SolutionProperties) = preSolution
		HideSolutionNode = FALSE
	EndGlobalSection
	GlobalSection(ExtensibilityGlobals) = postSolution
		SolutionGuid = {F8AE570C-6F03-45E8-853A-9E4BB3ADA168}
	EndGlobalSection
EndGlobal
